
Microsoft Visual Studio Solution File, Format Version 12.00
# Visual Studio Version 16
VisualStudioVersion = 16.0.29806.167
MinimumVisualStudioVersion = 10.0.40219.1
Project("{9A19103F-16F7-4668-BE54-9A1E7A4F7556}") = "Shenron", "Shenron.csproj", "{035CEE96-5141-43A0-BC30-3E80AB9EAFA1}"
EndProject
Global
	GlobalSection(SolutionConfigurationPlatforms) = preSolution
		Debug|Any CPU = Debug|Any CPU
		Release|Any CPU = Release|Any CPU
	EndGlobalSection
	GlobalSection(ProjectConfigurationPlatforms) = postSolution
		{035CEE96-5141-43A0-BC30-3E80AB9EAFA1}.Debug|Any CPU.ActiveCfg = Debug|Any CPU
		{035CEE96-5141-43A0-BC30-3E80AB9EAFA1}.Debug|Any CPU.Build.0 = Debug|Any CPU
		{035CEE96-5141-43A0-BC30-3E80AB9EAFA1}.Release|Any CPU.ActiveCfg = Release|Any CPU
		{035CEE96-5141-43A0-BC30-3E80AB9EAFA1}.Release|Any CPU.Build.0 = Release|Any CPU
	EndGlobalSection
	GlobalSection(SolutionProperties) = preSolution
		HideSolutionNode = FALSE
	EndGlobalSection
	GlobalSection(ExtensibilityGlobals) = postSolution
		SolutionGuid = {EFB641E9-676B-4E75-B18F-11BEFDD6308F}
	EndGlobalSection
EndGlobal
